
Microsoft Visual Studio Solution File, Format Version 12.00
# Visual Studio Version 17
VisualStudioVersion = 17.6.33723.286
MinimumVisualStudioVersion = 10.0.40219.1
Project("{FAE04EC0-301F-11D3-BF4B-00C04F79EFBC}") = "5413--ASP.NET", "5413--ASP.NET\5413--ASP.NET.csproj", "{1EE4D86E-3962-4DD4-8264-DF4C083FC7AB}"
EndProject
Global
	GlobalSection(SolutionConfigurationPlatforms) = preSolution
		Debug|Any CPU = Debug|Any CPU
		Release|Any CPU = Release|Any CPU
	EndGlobalSection
	GlobalSection(ProjectConfigurationPlatforms) = postSolution
		{1EE4D86E-3962-4DD4-8264-DF4C083FC7AB}.Debug|Any CPU.ActiveCfg = Debug|Any CPU
		{1EE4D86E-3962-4DD4-8264-DF4C083FC7AB}.Debug|Any CPU.Build.0 = Debug|Any CPU
		{1EE4D86E-3962-4DD4-8264-DF4C083FC7AB}.Release|Any CPU.ActiveCfg = Release|Any CPU
		{1EE4D86E-3962-4DD4-8264-DF4C083FC7AB}.Release|Any CPU.Build.0 = Release|Any CPU
	EndGlobalSection
	GlobalSection(SolutionProperties) = preSolution
		HideSolutionNode = FALSE
	EndGlobalSection
	GlobalSection(ExtensibilityGlobals) = postSolution
		SolutionGuid = {74DD2400-DAD8-474C-B460-7ED42C9DB7C0}
	EndGlobalSection
EndGlobal
